{
  "_meta": {
      "hash": {
          "sha256": "c9cd19c13aebab77a046d34011564eada26594fe3629bfade93bfdfcfebfd531"
      },
      "pipfile-spec": 6,
      "requires": {
          "python_version": "3.9"
      },
      "sources": [
          {
              "name": "pypi",
              "url": "https://pypi.org/simple",
              "verify_ssl": true
          }
      ]
  },
  "default": {
      "aiofiles": {
          "hashes": [
              "sha256:7a973fc22b29e9962d0897805ace5856e6a566ab1f0c8e5c91ff6c866519c937",
              "sha256:8334f23235248a3b2e83b2c3a78a22674f39969b96397126cc93664d9a901e59"
          ],
          "index": "pypi",
          "version": "==0.8.0"
      },
      "anyio": {
          "hashes": [
              "sha256:413adf95f93886e442aea925f3ee43baa5a765a64a0f52c6081894f9992fdd0b",
              "sha256:cb29b9c70620506a9a8f87a309591713446953302d7d995344d0d7c6c0c9a7be"
          ],
          "markers": "python_full_version >= '3.6.2'",
          "version": "==3.6.1"
      },
      "certifi": {
          "hashes": [
              "sha256:84c85a9078b11105f04f3036a9482ae10e4621616db313fe045dd24743a0820d",
              "sha256:fe86415d55e84719d75f8b69414f6438ac3547d2078ab91b67e779ef69378412"
          ],
          "index": "pypi",
          "version": "==2022.6.15"
      },
      "click": {
          "hashes": [
              "sha256:7682dc8afb30297001674575ea00d1814d808d6a36af415a82bd481d37ba7b8e",
              "sha256:bb4d8133cb15a609f44e8213d9b391b0809795062913b383c62be0ee95b1db48"
          ],
          "index": "pypi",
          "version": "==8.1.3"
      },
      "h11": {
          "hashes": [
              "sha256:36a3cb8c0a032f56e2da7084577878a035d3b61d104230d4bd49c0c6b555a9c6",
              "sha256:47222cb6067e4a307d535814917cd98fd0a57b6788ce715755fa2b6c28b56042"
          ],
          "index": "pypi",
          "version": "==0.12.0"
      },
      "httpcore": {
          "hashes": [
              "sha256:1105b8b73c025f23ff7c36468e4432226cbb959176eab66864b8e31c4ee27fa6",
              "sha256:18b68ab86a3ccf3e7dc0f43598eaddcf472b602aba29f9aa6ab85fe2ada3980b"
          ],
          "index": "pypi",
          "version": "==0.15.0"
      },
      "httptools": {
          "hashes": [
              "sha256:1a99346ebcb801b213c591540837340bdf6fd060a8687518d01c607d338b7424",
              "sha256:1ee0b459257e222b878a6c09ccf233957d3a4dcb883b0847640af98d2d9aac23",
              "sha256:20a45bcf22452a10fa8d58b7dbdb474381f6946bf5b8933e3662d572bc61bae4",
              "sha256:29bf97a5c532da9c7a04de2c7a9c31d1d54f3abd65a464119b680206bbbb1055",
              "sha256:2c9a930c378b3d15d6b695fb95ebcff81a7395b4f9775c4f10a076beb0b2c1ff",
              "sha256:2db44a0b294d317199e9f80123e72c6b005c55b625b57fae36de68670090fa48",
              "sha256:3194f6d6443befa8d4db16c1946b2fc428a3ceb8ab32eb6f09a59f86104dc1a0",
              "sha256:34d2903dd2a3dd85d33705b6fde40bf91fc44411661283763fd0746723963c83",
              "sha256:48e48530d9b995a84d1d89ae6b3ec4e59ea7d494b150ac3bbc5e2ac4acce92cd",
              "sha256:54bbd295f031b866b9799dd39cb45deee81aca036c9bff9f58ca06726f6494f1",
              "sha256:5d1fe6b6661022fd6cac541f54a4237496b246e6f1c0a6b41998ee08a1135afe",
              "sha256:645373c070080e632480a3d251d892cb795be3d3a15f86975d0f1aca56fd230d",
              "sha256:6a1a7dfc1f9c78a833e2c4904757a0f47ce25d08634dd2a52af394eefe5f9777",
              "sha256:701e66b59dd21a32a274771238025d58db7e2b6ecebbab64ceff51b8e31527ae",
              "sha256:72aa3fbe636b16d22e04b5a9d24711b043495e0ecfe58080addf23a1a37f3409",
              "sha256:7af6bdbd21a2a25d6784f6d67f44f5df33ef39b6159543b9f9064d365c01f919",
              "sha256:7ee9f226acab9085037582c059d66769862706e8e8cd2340470ceb8b3850873d",
              "sha256:7f7bfb74718f52d5ed47d608d507bf66d3bc01d4a8b3e6dd7134daaae129357b",
              "sha256:8e2eb957787cbb614a0f006bfc5798ff1d90ac7c4dd24854c84edbdc8c02369e",
              "sha256:903f739c9fb78dab8970b0f3ea51f21955b24b45afa77b22ff0e172fc11ef111",
              "sha256:98993805f1e3cdb53de4eed02b55dcc953cdf017ba7bbb2fd89226c086a6d855",
              "sha256:9967d9758df505975913304c434cb9ab21e2c609ad859eb921f2f615a038c8de",
              "sha256:a113789e53ac1fa26edf99856a61e4c493868e125ae0dd6354cf518948fbbd5c",
              "sha256:a522d12e2ddbc2e91842ffb454a1aeb0d47607972c7d8fc88bd0838d97fb8a2a",
              "sha256:abe829275cdd4174b4c4e65ad718715d449e308d59793bf3a931ee1bf7e7b86c",
              "sha256:c286985b5e194ca0ebb2908d71464b9be8f17cc66d6d3e330e8d5407248f56ad",
              "sha256:cd1295f52971097f757edfbfce827b6dbbfb0f7a74901ee7d4933dff5ad4c9af",
              "sha256:ceafd5e960b39c7e0d160a1936b68eb87c5e79b3979d66e774f0c77d4d8faaed",
              "sha256:d1f27bb0f75bef722d6e22dc609612bfa2f994541621cd2163f8c943b6463dfe",
              "sha256:d3a4e165ca6204f34856b765d515d558dc84f1352033b8721e8d06c3e44930c3",
              "sha256:d9b90bf58f3ba04e60321a23a8723a1ff2a9377502535e70495e5ada8e6e6722",
              "sha256:f72b5d24d6730035128b238decdc4c0f2104b7056a7ca55cf047c106842ec890",
              "sha256:fcddfe70553be717d9745990dfdb194e22ee0f60eb8f48c0794e7bfeda30d2d5",
              "sha256:fdb9f9ed79bc6f46b021b3319184699ba1a22410a82204e6e89c774530069683"
          ],
          "index": "pypi",
          "version": "==0.4.0"
      },
      "httpx": {
          "hashes": [
              "sha256:42974f577483e1e932c3cdc3cd2303e883cbfba17fe228b0f63589764d7b9c4b",
              "sha256:f28eac771ec9eb4866d3fb4ab65abd42d38c424739e80c08d8d20570de60b0ef"
          ],
          "index": "pypi",
          "version": "==0.23.0"
      },
      "idna": {
          "hashes": [
              "sha256:84d9dd047ffa80596e0f246e2eab0b391788b0503584e8945f2368256d2735ff",
              "sha256:9d643ff0a55b762d5cdb124b8eaa99c66322e2157b69160bc32796e824360e6d"
          ],
          "index": "pypi",
          "version": "==3.3"
      },
      "importlib-metadata": {
          "hashes": [
              "sha256:637245b8bab2b6502fcbc752cc4b7a6f6243bb02b31c5c26156ad103d3d45670",
              "sha256:7401a975809ea1fdc658c3aa4f78cc2195a0e019c5cbc4c06122884e9ae80c23"
          ],
          "index": "pypi",
          "version": "==4.12.0"
      },
      "itsdangerous": {
          "hashes": [
              "sha256:2c2349112351b88699d8d4b6b075022c0808887cb7ad10069318a8b0bc88db44",
              "sha256:5dbbc68b317e5e42f327f9021763545dc3fc3bfe22e6deb96aaf1fc38874156a"
          ],
          "index": "pypi",
          "version": "==2.1.2"
      },
      "jinja2": {
          "hashes": [
              "sha256:31351a702a408a9e7595a8fc6150fc3f43bb6bf7e319770cbc0db9df9437e852",
              "sha256:6088930bfe239f0e6710546ab9c19c9ef35e29792895fed6e6e31a023a182a61"
          ],
          "index": "pypi",
          "version": "==3.1.2"
      },
      "markupsafe": {
          "hashes": [
              "sha256:0212a68688482dc52b2d45013df70d169f542b7394fc744c02a57374a4207003",
              "sha256:089cf3dbf0cd6c100f02945abeb18484bd1ee57a079aefd52cffd17fba910b88",
              "sha256:10c1bfff05d95783da83491be968e8fe789263689c02724e0c691933c52994f5",
              "sha256:33b74d289bd2f5e527beadcaa3f401e0df0a89927c1559c8566c066fa4248ab7",
              "sha256:3799351e2336dc91ea70b034983ee71cf2f9533cdff7c14c90ea126bfd95d65a",
              "sha256:3ce11ee3f23f79dbd06fb3d63e2f6af7b12db1d46932fe7bd8afa259a5996603",
              "sha256:421be9fbf0ffe9ffd7a378aafebbf6f4602d564d34be190fc19a193232fd12b1",
              "sha256:43093fb83d8343aac0b1baa75516da6092f58f41200907ef92448ecab8825135",
              "sha256:46d00d6cfecdde84d40e572d63735ef81423ad31184100411e6e3388d405e247",
              "sha256:4a33dea2b688b3190ee12bd7cfa29d39c9ed176bda40bfa11099a3ce5d3a7ac6",
              "sha256:4b9fe39a2ccc108a4accc2676e77da025ce383c108593d65cc909add5c3bd601",
              "sha256:56442863ed2b06d19c37f94d999035e15ee982988920e12a5b4ba29b62ad1f77",
              "sha256:671cd1187ed5e62818414afe79ed29da836dde67166a9fac6d435873c44fdd02",
              "sha256:694deca8d702d5db21ec83983ce0bb4b26a578e71fbdbd4fdcd387daa90e4d5e",
              "sha256:6a074d34ee7a5ce3effbc526b7083ec9731bb3cbf921bbe1d3005d4d2bdb3a63",
              "sha256:6d0072fea50feec76a4c418096652f2c3238eaa014b2f94aeb1d56a66b41403f",
              "sha256:6fbf47b5d3728c6aea2abb0589b5d30459e369baa772e0f37a0320185e87c980",
              "sha256:7f91197cc9e48f989d12e4e6fbc46495c446636dfc81b9ccf50bb0ec74b91d4b",
              "sha256:86b1f75c4e7c2ac2ccdaec2b9022845dbb81880ca318bb7a0a01fbf7813e3812",
              "sha256:8dc1c72a69aa7e082593c4a203dcf94ddb74bb5c8a731e4e1eb68d031e8498ff",
              "sha256:8e3dcf21f367459434c18e71b2a9532d96547aef8a871872a5bd69a715c15f96",
              "sha256:8e576a51ad59e4bfaac456023a78f6b5e6e7651dcd383bcc3e18d06f9b55d6d1",
              "sha256:96e37a3dc86e80bf81758c152fe66dbf60ed5eca3d26305edf01892257049925",
              "sha256:97a68e6ada378df82bc9f16b800ab77cbf4b2fada0081794318520138c088e4a",
              "sha256:99a2a507ed3ac881b975a2976d59f38c19386d128e7a9a18b7df6fff1fd4c1d6",
              "sha256:a49907dd8420c5685cfa064a1335b6754b74541bbb3706c259c02ed65b644b3e",
              "sha256:b09bf97215625a311f669476f44b8b318b075847b49316d3e28c08e41a7a573f",
              "sha256:b7bd98b796e2b6553da7225aeb61f447f80a1ca64f41d83612e6139ca5213aa4",
              "sha256:b87db4360013327109564f0e591bd2a3b318547bcef31b468a92ee504d07ae4f",
              "sha256:bcb3ed405ed3222f9904899563d6fc492ff75cce56cba05e32eff40e6acbeaa3",
              "sha256:d4306c36ca495956b6d568d276ac11fdd9c30a36f1b6eb928070dc5360b22e1c",
              "sha256:d5ee4f386140395a2c818d149221149c54849dfcfcb9f1debfe07a8b8bd63f9a",
              "sha256:dda30ba7e87fbbb7eab1ec9f58678558fd9a6b8b853530e176eabd064da81417",
              "sha256:e04e26803c9c3851c931eac40c695602c6295b8d432cbe78609649ad9bd2da8a",
              "sha256:e1c0b87e09fa55a220f058d1d49d3fb8df88fbfab58558f1198e08c1e1de842a",
              "sha256:e72591e9ecd94d7feb70c1cbd7be7b3ebea3f548870aa91e2732960fa4d57a37",
              "sha256:e8c843bbcda3a2f1e3c2ab25913c80a3c5376cd00c6e8c4a86a89a28c8dc5452",
              "sha256:efc1913fd2ca4f334418481c7e595c00aad186563bbc1ec76067848c7ca0a933",
              "sha256:f121a1420d4e173a5d96e47e9a0c0dcff965afdf1626d28de1460815f7c4ee7a",
              "sha256:fc7b548b17d238737688817ab67deebb30e8073c95749d55538ed473130ec0c7"
          ],
          "index": "pypi",
          "version": "==2.1.1"
      },
      "multidict": {
          "hashes": [
              "sha256:0327292e745a880459ef71be14e709aaea2f783f3537588fb4ed09b6c01bca60",
              "sha256:041b81a5f6b38244b34dc18c7b6aba91f9cdaf854d9a39e5ff0b58e2b5773b9c",
              "sha256:0556a1d4ea2d949efe5fd76a09b4a82e3a4a30700553a6725535098d8d9fb672",
              "sha256:05f6949d6169878a03e607a21e3b862eaf8e356590e8bdae4227eedadacf6e51",
              "sha256:07a017cfa00c9890011628eab2503bee5872f27144936a52eaab449be5eaf032",
              "sha256:0b9e95a740109c6047602f4db4da9949e6c5945cefbad34a1299775ddc9a62e2",
              "sha256:19adcfc2a7197cdc3987044e3f415168fc5dc1f720c932eb1ef4f71a2067e08b",
              "sha256:19d9bad105dfb34eb539c97b132057a4e709919ec4dd883ece5838bcbf262b80",
              "sha256:225383a6603c086e6cef0f2f05564acb4f4d5f019a4e3e983f572b8530f70c88",
              "sha256:23b616fdc3c74c9fe01d76ce0d1ce872d2d396d8fa8e4899398ad64fb5aa214a",
              "sha256:2957489cba47c2539a8eb7ab32ff49101439ccf78eab724c828c1a54ff3ff98d",
              "sha256:2d36e929d7f6a16d4eb11b250719c39560dd70545356365b494249e2186bc389",
              "sha256:2e4a0785b84fb59e43c18a015ffc575ba93f7d1dbd272b4cdad9f5134b8a006c",
              "sha256:3368bf2398b0e0fcbf46d85795adc4c259299fec50c1416d0f77c0a843a3eed9",
              "sha256:373ba9d1d061c76462d74e7de1c0c8e267e9791ee8cfefcf6b0b2495762c370c",
              "sha256:4070613ea2227da2bfb2c35a6041e4371b0af6b0be57f424fe2318b42a748516",
              "sha256:45183c96ddf61bf96d2684d9fbaf6f3564d86b34cb125761f9a0ef9e36c1d55b",
              "sha256:4571f1beddff25f3e925eea34268422622963cd8dc395bb8778eb28418248e43",
              "sha256:47e6a7e923e9cada7c139531feac59448f1f47727a79076c0b1ee80274cd8eee",
              "sha256:47fbeedbf94bed6547d3aa632075d804867a352d86688c04e606971595460227",
              "sha256:497988d6b6ec6ed6f87030ec03280b696ca47dbf0648045e4e1d28b80346560d",
              "sha256:4bae31803d708f6f15fd98be6a6ac0b6958fcf68fda3c77a048a4f9073704aae",
              "sha256:50bd442726e288e884f7be9071016c15a8742eb689a593a0cac49ea093eef0a7",
              "sha256:514fe2b8d750d6cdb4712346a2c5084a80220821a3e91f3f71eec11cf8d28fd4",
              "sha256:5774d9218d77befa7b70d836004a768fb9aa4fdb53c97498f4d8d3f67bb9cfa9",
              "sha256:5fdda29a3c7e76a064f2477c9aab1ba96fd94e02e386f1e665bca1807fc5386f",
              "sha256:5ff3bd75f38e4c43f1f470f2df7a4d430b821c4ce22be384e1459cb57d6bb013",
              "sha256:626fe10ac87851f4cffecee161fc6f8f9853f0f6f1035b59337a51d29ff3b4f9",
              "sha256:6701bf8a5d03a43375909ac91b6980aea74b0f5402fbe9428fc3f6edf5d9677e",
              "sha256:684133b1e1fe91eda8fa7447f137c9490a064c6b7f392aa857bba83a28cfb693",
              "sha256:6f3cdef8a247d1eafa649085812f8a310e728bdf3900ff6c434eafb2d443b23a",
              "sha256:75bdf08716edde767b09e76829db8c1e5ca9d8bb0a8d4bd94ae1eafe3dac5e15",
              "sha256:7c40b7bbece294ae3a87c1bc2abff0ff9beef41d14188cda94ada7bcea99b0fb",
              "sha256:8004dca28e15b86d1b1372515f32eb6f814bdf6f00952699bdeb541691091f96",
              "sha256:8064b7c6f0af936a741ea1efd18690bacfbae4078c0c385d7c3f611d11f0cf87",
              "sha256:89171b2c769e03a953d5969b2f272efa931426355b6c0cb508022976a17fd376",
              "sha256:8cbf0132f3de7cc6c6ce00147cc78e6439ea736cee6bca4f068bcf892b0fd658",
              "sha256:9cc57c68cb9139c7cd6fc39f211b02198e69fb90ce4bc4a094cf5fe0d20fd8b0",
              "sha256:a007b1638e148c3cfb6bf0bdc4f82776cef0ac487191d093cdc316905e504071",
              "sha256:a2c34a93e1d2aa35fbf1485e5010337c72c6791407d03aa5f4eed920343dd360",
              "sha256:a45e1135cb07086833ce969555df39149680e5471c04dfd6a915abd2fc3f6dbc",
              "sha256:ac0e27844758d7177989ce406acc6a83c16ed4524ebc363c1f748cba184d89d3",
              "sha256:aef9cc3d9c7d63d924adac329c33835e0243b5052a6dfcbf7732a921c6e918ba",
              "sha256:b9d153e7f1f9ba0b23ad1568b3b9e17301e23b042c23870f9ee0522dc5cc79e8",
              "sha256:bfba7c6d5d7c9099ba21f84662b037a0ffd4a5e6b26ac07d19e423e6fdf965a9",
              "sha256:c207fff63adcdf5a485969131dc70e4b194327666b7e8a87a97fbc4fd80a53b2",
              "sha256:d0509e469d48940147e1235d994cd849a8f8195e0bca65f8f5439c56e17872a3",
              "sha256:d16cce709ebfadc91278a1c005e3c17dd5f71f5098bfae1035149785ea6e9c68",
              "sha256:d48b8ee1d4068561ce8033d2c344cf5232cb29ee1a0206a7b828c79cbc5982b8",
              "sha256:de989b195c3d636ba000ee4281cd03bb1234635b124bf4cd89eeee9ca8fcb09d",
              "sha256:e07c8e79d6e6fd37b42f3250dba122053fddb319e84b55dd3a8d6446e1a7ee49",
              "sha256:e2c2e459f7050aeb7c1b1276763364884595d47000c1cddb51764c0d8976e608",
              "sha256:e5b20e9599ba74391ca0cfbd7b328fcc20976823ba19bc573983a25b32e92b57",
              "sha256:e875b6086e325bab7e680e4316d667fc0e5e174bb5611eb16b3ea121c8951b86",
              "sha256:f4f052ee022928d34fe1f4d2bc743f32609fb79ed9c49a1710a5ad6b2198db20",
              "sha256:fcb91630817aa8b9bc4a74023e4198480587269c272c58b3279875ed7235c293",
              "sha256:fd9fc9c4849a07f3635ccffa895d57abce554b467d611a5009ba4f39b78a8849",
              "sha256:feba80698173761cddd814fa22e88b0661e98cb810f9f986c54aa34d281e4937",
              "sha256:feea820722e69451743a3d56ad74948b68bf456984d63c1a92e8347b7b88452d"
          ],
          "index": "pypi",
          "version": "==6.0.2"
      },
      "rfc3986": {
          "extras": [
              "idna2008"
          ],
          "hashes": [
              "sha256:270aaf10d87d0d4e095063c65bf3ddbc6ee3d0b226328ce21e036f946e421835",
              "sha256:a86d6e1f5b1dc238b218b012df0aa79409667bb209e58da56d0b94704e712a97"
          ],
          "version": "==1.5.0"
      },
      "sanic": {
          "hashes": [
              "sha256:d0653de59cf3073d8ca047253db72c868510d45d753c13b6316aede769fb66fb",
              "sha256:f6eb181e7a1b9a77a3b916de0f1413eddbe384c59487c2a4bff0c7a41e66e080"
          ],
          "index": "pypi",
          "version": "==22.6.0"
      },
      "sanic-routing": {
          "hashes": [
              "sha256:8282fc05659ff2cebbffa4fb69697601fc9d653c34e0b5bdeed04a832e793fb9",
              "sha256:fde5a7d4079794b585b9a2904accd0de5a70abf27c82d2658b40c551ef44f703"
          ],
          "version": "==22.3.0"
      },
      "sniffio": {
          "hashes": [
              "sha256:471b71698eac1c2112a40ce2752bb2f4a4814c22a54a3eed3676bc0f5ca9f663",
              "sha256:c4666eecec1d3f50960c6bdf61ab7bc350648da6c126e3cf6898d8cd4ddcd3de"
          ],
          "index": "pypi",
          "version": "==1.2.0"
      },
      "ujson": {
          "hashes": [
              "sha256:025758cf6561af6986d77cd4af9367ab56dde5c7c50f13f59e6964b4b25df73e",
              "sha256:0551c1ba0bc9e05b69d9c18266dbc93252b5fa3cd9940051bc88a0dd33607b19",
              "sha256:05e411627e5d6ee773232960ca7307e66017f78e3fa74f7e95c3a8cc5cb05415",
              "sha256:0b46aee21e5d75426c4058dfdb42f7e7b1d130c664ee5027a8dbbc50872dc32b",
              "sha256:0bcde3135265ecdd5714a7de4fdc167925390d7b17ca325e59980f4114c962b8",
              "sha256:1120c8263f7d85e89533a2b46d80cc6def15114772010ede4d197739e111dba6",
              "sha256:13297a7d501f9c8c53e409d4fa57cc574e4fbfbe8807ef2c4c7ce2e3ec933a85",
              "sha256:191f88d5865740497b9827ef9b7c12f37a79872ac984e09f0901a10024019380",
              "sha256:1a2e645325f844f9c890c9d956fc2d35ca91f38c857278238ef6516c2f99cf7c",
              "sha256:2974b17bc522ef86d98b498959d82f03c02e07d9eb08746026415298f4a4bca3",
              "sha256:2d98248f1df1e1aab67e0374ab98945dd36bc1764753d71fd8aea5f296360b76",
              "sha256:31bdb6d771d5ef6d37134b42211500bfe176c55d399f3317e569783dc42ed38e",
              "sha256:3212847d3885bfd4f5fd56cdc37645a8f8e8a80d6cb569505da22fd9eb0e1a02",
              "sha256:326a96324ed9215b0bc9f1a5af324fb33900b6b0901516bcc421475d6596de0d",
              "sha256:381c97d326d1ec569d318cc0ae83940ea2df125ede1000871680fefd5b7fdea9",
              "sha256:39bb702ca1612253b5e4b6004e0f20208c98a446606aa351f9a7ba5ceaff0eb8",
              "sha256:3a0707f381f97e1287c0dbf94d95bd6c0bbf6e4eeeaa656f0076b7883010c818",
              "sha256:400e4ca8a59f71398e8fa56c4d2d6f535e2a121ddb57284ec15752ffce2dd63a",
              "sha256:422653083c6df6cec17fdb5d6106c209aad9b0c94131c53b073980403db22167",
              "sha256:511aa641a5b91d19280183b134fb6c473039d4dd82e987ac810cffba783521ac",
              "sha256:5df8b6369ee5ee2685fcc917f6c46b34e599c6e9a512fada6dfd752b909fa06a",
              "sha256:67f4e2fa81e1d99c01e7b1978ab0cbf3c9a8b663f683a709f87baad110d5b940",
              "sha256:68c7f753aec490c6566fd3cd301887c413ac3a588316e446f30a4134ac665668",
              "sha256:6a20f2f6e8818c1ab89dd4be6bbad3fc2ddb15287f89e7ea35f3eb849afebbd9",
              "sha256:6b953e09441e307504130755e5bd6b15850178d591f66292bba4608c4f7f9b00",
              "sha256:754f422aba8db8201a1073f25e2f732effc6471f8755708b16e6ebf19dd23634",
              "sha256:784dbd12925845a3f0757a956447e2fd31418abb5aeaebf3aca1203195f16fd1",
              "sha256:7d4c9ccd30e621e714ec24ca911ad8873567dc1ac1e5e914405ea9dd16b9d40c",
              "sha256:7e12272361e9722777c83b3f5b0bb91d402531f36e80c6e5fafb6acb89e897e3",
              "sha256:8cce79ce47c37132373fbdf55b683883c262a3a60763130e080b8394c1201d32",
              "sha256:8cd6117e33233f2de6bc896eea6a5a59b58a37db08f371157264e0ec5e51c76a",
              "sha256:8d472efa9c92e1b2933a22d2f1dbd5237087997136b24ac2b913bf4e8be03135",
              "sha256:91edcf9978ee401119e9c8589376ae37fd3e6e75ee365c49385cb005eaff1535",
              "sha256:9ae1d0094ce730e39e09656bc14074d9573cdd80adec1a55b06d8bf1f9613a01",
              "sha256:aa00b746138835271653b0c3da171d2a8b510c579381f71e8b8e03484d50d825",
              "sha256:aaa77af91df3f71858a1f792c74d3f2d3abf3875f93ab1a2b9a24b3797743b02",
              "sha256:b045ca5497a950cc3492840adb3bcb3b9e305ed6599ed14c6aeaa08011aa463f",
              "sha256:b40a3757a563ef77c3f2f9ea1732c2924e8b3b2bda3fa89513f949472ad40b6e",
              "sha256:baa76a6f707a6d22437fe9c7ec9719672fb04d4d9435a3e80ee9b1aaeb2089d9",
              "sha256:cec010d318a0238b1333ea9f40d5603d374cc026c29c4471e2661712c6682da1",
              "sha256:dd0d4ec694cab8a0a4d85f45f81ae0065465c4670f0db72ba48d6c4e7ae42834",
              "sha256:e2a9ddb5c6d1427056b8d62a1a172a18ae522b14d9ba5996b8281b09cba87edd",
              "sha256:e844be0831042aa91e847e5ab03bddd1089ab1a8dd0a1bf90411abf864f058b2",
              "sha256:e91947fda8354ea7faf698b084ebcdbabd239e7b15d8436fb74394f59a207ac9",
              "sha256:ea7fbc540bc04d5b05e5cd54e60ee8745ac665eedf2bad2ba9d12d5c7a7b7d2e",
              "sha256:ee29cf5cfc1e841708297633e1ce749aa851fb96830bbe51f2e5940741ff2441",
              "sha256:ef985eb2770900a485431910bd3f333b56d1a34b65f8c26a6ed8e8adf55f98d9",
              "sha256:f5c547d49a7e9d3f231e9323171bbbbcef63173fb007a2787cd4f05ac6269315",
              "sha256:fbea46c0fbc1c3bc8f957afd8dbb25b4ea3a356e18ee6dd79ace6cf32bd4cff7",
              "sha256:fd82932aaa224abd7d01e823b77aef9970f5ac1695027331d99e7f5fda9d37f5"
          ],
          "index": "pypi",
          "version": "==5.4.0"
      },
      "uvloop": {
          "hashes": [
              "sha256:04ff57aa137230d8cc968f03481176041ae789308b4d5079118331ab01112450",
              "sha256:089b4834fd299d82d83a25e3335372f12117a7d38525217c2258e9b9f4578897",
              "sha256:1e5f2e2ff51aefe6c19ee98af12b4ae61f5be456cd24396953244a30880ad861",
              "sha256:30ba9dcbd0965f5c812b7c2112a1ddf60cf904c1c160f398e7eed3a6b82dcd9c",
              "sha256:3a19828c4f15687675ea912cc28bbcb48e9bb907c801873bd1519b96b04fb805",
              "sha256:6224f1401025b748ffecb7a6e2652b17768f30b1a6a3f7b44660e5b5b690b12d",
              "sha256:647e481940379eebd314c00440314c81ea547aa636056f554d491e40503c8464",
              "sha256:6ccd57ae8db17d677e9e06192e9c9ec4bd2066b77790f9aa7dede2cc4008ee8f",
              "sha256:772206116b9b57cd625c8a88f2413df2fcfd0b496eb188b82a43bed7af2c2ec9",
              "sha256:8e0d26fa5875d43ddbb0d9d79a447d2ace4180d9e3239788208527c4784f7cab",
              "sha256:98d117332cc9e5ea8dfdc2b28b0a23f60370d02e1395f88f40d1effd2cb86c4f",
              "sha256:b572256409f194521a9895aef274cea88731d14732343da3ecdb175228881638",
              "sha256:bd53f7f5db562f37cd64a3af5012df8cac2c464c97e732ed556800129505bd64",
              "sha256:bd8f42ea1ea8f4e84d265769089964ddda95eb2bb38b5cbe26712b0616c3edee",
              "sha256:e814ac2c6f9daf4c36eb8e85266859f42174a4ff0d71b99405ed559257750382",
              "sha256:f74bc20c7b67d1c27c72601c78cf95be99d5c2cdd4514502b4f3eb0933ff1228"
          ],
          "index": "pypi",
          "version": "==0.16.0"
      },
      "websockets": {
          "hashes": [
              "sha256:07cdc0a5b2549bcfbadb585ad8471ebdc7bdf91e32e34ae3889001c1c106a6af",
              "sha256:210aad7fdd381c52e58777560860c7e6110b6174488ef1d4b681c08b68bf7f8c",
              "sha256:28dd20b938a57c3124028680dc1600c197294da5db4292c76a0b48efb3ed7f76",
              "sha256:2f94fa3ae454a63ea3a19f73b95deeebc9f02ba2d5617ca16f0bbdae375cda47",
              "sha256:31564a67c3e4005f27815634343df688b25705cccb22bc1db621c781ddc64c69",
              "sha256:347974105bbd4ea068106ec65e8e8ebd86f28c19e529d115d89bd8cc5cda3079",
              "sha256:379e03422178436af4f3abe0aa8f401aa77ae2487843738542a75faf44a31f0c",
              "sha256:3eda1cb7e9da1b22588cefff09f0951771d6ee9fa8dbe66f5ae04cc5f26b2b55",
              "sha256:51695d3b199cd03098ae5b42833006a0f43dc5418d3102972addc593a783bc02",
              "sha256:54c000abeaff6d8771a4e2cef40900919908ea7b6b6a30eae72752607c6db559",
              "sha256:5b936bf552e4f6357f5727579072ff1e1324717902127ffe60c92d29b67b7be3",
              "sha256:6075fd24df23133c1b078e08a9b04a3bc40b31a8def4ee0b9f2c8865acce913e",
              "sha256:661f641b44ed315556a2fa630239adfd77bd1b11cb0b9d96ed8ad90b0b1e4978",
              "sha256:6ea6b300a6bdd782e49922d690e11c3669828fe36fc2471408c58b93b5535a98",
              "sha256:6ed1d6f791eabfd9808afea1e068f5e59418e55721db8b7f3bfc39dc831c42ae",
              "sha256:7934e055fd5cd9dee60f11d16c8d79c4567315824bacb1246d0208a47eca9755",
              "sha256:7ab36e17af592eec5747c68ef2722a74c1a4a70f3772bc661079baf4ae30e40d",
              "sha256:7f6d96fdb0975044fdd7953b35d003b03f9e2bcf85f2d2cf86285ece53e9f991",
              "sha256:83e5ca0d5b743cde3d29fda74ccab37bdd0911f25bd4cdf09ff8b51b7b4f2fa1",
              "sha256:85506b3328a9e083cc0a0fb3ba27e33c8db78341b3eb12eb72e8afd166c36680",
              "sha256:8af75085b4bc0b5c40c4a3c0e113fa95e84c60f4ed6786cbb675aeb1ee128247",
              "sha256:8b1359aba0ff810d5830d5ab8e2c4a02bebf98a60aa0124fb29aa78cfdb8031f",
              "sha256:8fbd7d77f8aba46d43245e86dd91a8970eac4fb74c473f8e30e9c07581f852b2",
              "sha256:907e8247480f287aa9bbc9391bd6de23c906d48af54c8c421df84655eef66af7",
              "sha256:93d5ea0b5da8d66d868b32c614d2b52d14304444e39e13a59566d4acb8d6e2e4",
              "sha256:97bc9d41e69a7521a358f9b8e44871f6cdeb42af31815c17aed36372d4eec667",
              "sha256:994cdb1942a7a4c2e10098d9162948c9e7b235df755de91ca33f6e0481366fdb",
              "sha256:a141de3d5a92188234afa61653ed0bbd2dde46ad47b15c3042ffb89548e77094",
              "sha256:a1e15b230c3613e8ea82c9fc6941b2093e8eb939dd794c02754d33980ba81e36",
              "sha256:aad5e300ab32036eb3fdc350ad30877210e2f51bceaca83fb7fef4d2b6c72b79",
              "sha256:b529fdfa881b69fe563dbd98acce84f3e5a67df13de415e143ef053ff006d500",
              "sha256:b9c77f0d1436ea4b4dc089ed8335fa141e6a251a92f75f675056dac4ab47a71e",
              "sha256:bb621ec2dbbbe8df78a27dbd9dd7919f9b7d32a73fafcb4d9252fc4637343582",
              "sha256:c7250848ce69559756ad0086a37b82c986cd33c2d344ab87fea596c5ac6d9442",
              "sha256:c8d1d14aa0f600b5be363077b621b1b4d1eb3fbf90af83f9281cda668e6ff7fd",
              "sha256:d1655a6fc7aecd333b079d00fb3c8132d18988e47f19740c69303bf02e9883c6",
              "sha256:d6353ba89cfc657a3f5beabb3b69be226adbb5c6c7a66398e17809b0ce3c4731",
              "sha256:da4377904a3379f0c1b75a965fff23b28315bcd516d27f99a803720dfebd94d4",
              "sha256:e49ea4c1a9543d2bd8a747ff24411509c29e4bdcde05b5b0895e2120cb1a761d",
              "sha256:e4e08305bfd76ba8edab08dcc6496f40674f44eb9d5e23153efa0a35750337e8",
              "sha256:e6fa05a680e35d0fcc1470cb070b10e6fe247af54768f488ed93542e71339d6f",
              "sha256:e7e6f2d6fd48422071cc8a6f8542016f350b79cc782752de531577d35e9bd677",
              "sha256:e904c0381c014b914136c492c8fa711ca4cced4e9b3d110e5e7d436d0fc289e8",
              "sha256:ec2b0ab7edc8cd4b0eb428b38ed89079bdc20c6bdb5f889d353011038caac2f9",
              "sha256:ef5ce841e102278c1c2e98f043db99d6755b1c58bde475516aef3a008ed7f28e",
              "sha256:f351c7d7d92f67c0609329ab2735eee0426a03022771b00102816a72715bb00b",
              "sha256:fab7c640815812ed5f10fbee7abbf58788d602046b7bb3af9b1ac753a6d5e916",
              "sha256:fc06cc8073c8e87072138ba1e431300e2d408f054b27047d047b549455066ff4"
          ],
          "index": "pypi",
          "version": "==10.3"
      },
      "werkzeug": {
          "hashes": [
              "sha256:1ce08e8093ed67d638d63879fd1ba3735817f7a80de3674d293f5984f25fb6e6",
              "sha256:72a4b735692dd3135217911cbeaa1be5fa3f62bffb8745c5215420a03dc55255"
          ],
          "index": "pypi",
          "version": "==2.1.2"
      },
      "zipp": {
          "hashes": [
              "sha256:05b45f1ee8f807d0cc928485ca40a07cb491cf092ff587c0df9cb1fd154848d2",
              "sha256:47c40d7fe183a6f21403a199b3e4192cca5774656965b0a4988ad2f8feb5f009"
          ],
          "index": "pypi",
          "version": "==3.8.1"
      }
  },
  "develop": {}
}
